
Microsoft Visual Studio Solution File, Format Version 12.00
# Visual Studio Version 16
VisualStudioVersion = 16.0.32228.343
MinimumVisualStudioVersion = 10.0.40219.1
Project("{9A19103F-16F7-4668-BE54-9A1E7A4F7556}") = "CryptoData", "CryptoData\CryptoData.csproj", "{827CC840-6BBB-457E-9B39-60962BEF7EB3}"
EndProject
Project("{FAE04EC0-301F-11D3-BF4B-00C04F79EFBC}") = "CryptoData.Tests", "CryptoData.Tests\CryptoData.Tests.csproj", "{BE386E26-2C93-46BB-A1A9-AB50CA454435}"
EndProject
Global
	GlobalSection(SolutionConfigurationPlatforms) = preSolution
		Debug|Any CPU = Debug|Any CPU
		Release|Any CPU = Release|Any CPU
	EndGlobalSection
	GlobalSection(ProjectConfigurationPlatforms) = postSolution
		{827CC840-6BBB-457E-9B39-60962BEF7EB3}.Debug|Any CPU.ActiveCfg = Debug|Any CPU
		{827CC840-6BBB-457E-9B39-60962BEF7EB3}.Debug|Any CPU.Build.0 = Debug|Any CPU
		{827CC840-6BBB-457E-9B39-60962BEF7EB3}.Release|Any CPU.ActiveCfg = Release|Any CPU
		{827CC840-6BBB-457E-9B39-60962BEF7EB3}.Release|Any CPU.Build.0 = Release|Any CPU
		{BE386E26-2C93-46BB-A1A9-AB50CA454435}.Debug|Any CPU.ActiveCfg = Debug|Any CPU
		{BE386E26-2C93-46BB-A1A9-AB50CA454435}.Debug|Any CPU.Build.0 = Debug|Any CPU
		{BE386E26-2C93-46BB-A1A9-AB50CA454435}.Release|Any CPU.ActiveCfg = Release|Any CPU
		{BE386E26-2C93-46BB-A1A9-AB50CA454435}.Release|Any CPU.Build.0 = Release|Any CPU
	EndGlobalSection
	GlobalSection(SolutionProperties) = preSolution
		HideSolutionNode = FALSE
	EndGlobalSection
	GlobalSection(ExtensibilityGlobals) = postSolution
		SolutionGuid = {0F8F358E-48E2-4008-B7F1-83A802DE6E73}
	EndGlobalSection
EndGlobal
